
Microsoft Visual Studio Solution File, Format Version 12.00
# Visual Studio Version 17
VisualStudioVersion = 17.7.34024.191
MinimumVisualStudioVersion = 10.0.40219.1
Project("{888888A0-9F3D-457C-B088-3A5042F75D52}") = "CSS499Category3", "CSS499Category3\CSS499Category3.pyproj", "{BD6F24D8-5B4D-4E30-8E51-95EE6B6D9B7A}"
EndProject
Global
	GlobalSection(SolutionConfigurationPlatforms) = preSolution
		Debug|Any CPU = Debug|Any CPU
		Release|Any CPU = Release|Any CPU
	EndGlobalSection
	GlobalSection(ProjectConfigurationPlatforms) = postSolution
		{BD6F24D8-5B4D-4E30-8E51-95EE6B6D9B7A}.Debug|Any CPU.ActiveCfg = Debug|Any CPU
		{BD6F24D8-5B4D-4E30-8E51-95EE6B6D9B7A}.Release|Any CPU.ActiveCfg = Release|Any CPU
	EndGlobalSection
	GlobalSection(SolutionProperties) = preSolution
		HideSolutionNode = FALSE
	EndGlobalSection
	GlobalSection(ExtensibilityGlobals) = postSolution
		SolutionGuid = {BB42AAF2-54DE-4357-AA09-B79E6A2F191D}
	EndGlobalSection
EndGlobal
